
Microsoft Visual Studio Solution File, Format Version 12.00
# Visual Studio Version 16
VisualStudioVersion = 16.0.30413.136
MinimumVisualStudioVersion = 10.0.40219.1
Project("{888888A0-9F3D-457C-B088-3A5042F75D52}") = "clicker", "clicker.pyproj", "{A1BFA9A8-41FB-4DA7-BF90-93F07BCED603}"
EndProject
Global
	GlobalSection(SolutionConfigurationPlatforms) = preSolution
		Debug|Any CPU = Debug|Any CPU
		Release|Any CPU = Release|Any CPU
	EndGlobalSection
	GlobalSection(ProjectConfigurationPlatforms) = postSolution
		{A1BFA9A8-41FB-4DA7-BF90-93F07BCED603}.Debug|Any CPU.ActiveCfg = Debug|Any CPU
		{A1BFA9A8-41FB-4DA7-BF90-93F07BCED603}.Release|Any CPU.ActiveCfg = Release|Any CPU
	EndGlobalSection
	GlobalSection(SolutionProperties) = preSolution
		HideSolutionNode = FALSE
	EndGlobalSection
	GlobalSection(ExtensibilityGlobals) = postSolution
		SolutionGuid = {D04CE9EB-8B41-47E5-AE8F-54F6AF98D09A}
	EndGlobalSection
EndGlobal
